
Microsoft Visual Studio Solution File, Format Version 12.00
# Visual Studio Version 17
VisualStudioVersion = 17.0.31903.59
MinimumVisualStudioVersion = 10.0.40219.1
Project("{FAE04EC0-301F-11D3-BF4B-00C04F79EFBC}") = "CursoUdemy", "CursoUdemy\CursoUdemy.csproj", "{741CC170-8681-42ED-851A-044F873F4663}"
EndProject
Global
	GlobalSection(SolutionConfigurationPlatforms) = preSolution
		Debug|Any CPU = Debug|Any CPU
		Release|Any CPU = Release|Any CPU
	EndGlobalSection
	GlobalSection(ProjectConfigurationPlatforms) = postSolution
		{741CC170-8681-42ED-851A-044F873F4663}.Debug|Any CPU.ActiveCfg = Debug|Any CPU
		{741CC170-8681-42ED-851A-044F873F4663}.Debug|Any CPU.Build.0 = Debug|Any CPU
		{741CC170-8681-42ED-851A-044F873F4663}.Release|Any CPU.ActiveCfg = Release|Any CPU
		{741CC170-8681-42ED-851A-044F873F4663}.Release|Any CPU.Build.0 = Release|Any CPU
	EndGlobalSection
	GlobalSection(SolutionProperties) = preSolution
		HideSolutionNode = FALSE
	EndGlobalSection
	GlobalSection(ExtensibilityGlobals) = postSolution
		SolutionGuid = {CE74EDFD-479A-4A83-B067-FB6A0DDB4838}
	EndGlobalSection
EndGlobal
